
Microsoft Visual Studio Solution File, Format Version 12.00
# Visual Studio 14
VisualStudioVersion = 14.0.23107.0
MinimumVisualStudioVersion = 10.0.40219.1
Project("{FAE04EC0-301F-11D3-BF4B-00C04F79EFBC}") = "ASPNetMVC5Identity", "ASPNetMVC5Identity\ASPNetMVC5Identity.csproj", "{0D60552C-C24A-4391-A796-B97A0D4DE400}"
EndProject
Global
	GlobalSection(SolutionConfigurationPlatforms) = preSolution
		Debug|Any CPU = Debug|Any CPU
		Release|Any CPU = Release|Any CPU
	EndGlobalSection
	GlobalSection(ProjectConfigurationPlatforms) = postSolution
		{0D60552C-C24A-4391-A796-B97A0D4DE400}.Debug|Any CPU.ActiveCfg = Debug|Any CPU
		{0D60552C-C24A-4391-A796-B97A0D4DE400}.Debug|Any CPU.Build.0 = Debug|Any CPU
		{0D60552C-C24A-4391-A796-B97A0D4DE400}.Release|Any CPU.ActiveCfg = Release|Any CPU
		{0D60552C-C24A-4391-A796-B97A0D4DE400}.Release|Any CPU.Build.0 = Release|Any CPU
	EndGlobalSection
	GlobalSection(SolutionProperties) = preSolution
		HideSolutionNode = FALSE
	EndGlobalSection
EndGlobal
